// !$*UTF8*$!
{
	archiveVersion = 1;
	classes = {
	};
	objectVersion = 50;
	objects = {

/* Begin PBXBuildFile section */
		2B558A5927EFA6710038DBDA /* AppDelegate.swift in Sources */ = {isa = PBXBuildFile; fileRef = 2B558A5827EFA6710038DBDA /* AppDelegate.swift */; };
		2B558A5B27EFA6710038DBDA /* SceneDelegate.swift in Sources */ = {isa = PBXBuildFile; fileRef = 2B558A5A27EFA6710038DBDA /* SceneDelegate.swift */; };
		2B558A5D27EFA6710038DBDA /* ViewController.swift in Sources */ = {isa = PBXBuildFile; fileRef = 2B558A5C27EFA6710038DBDA /* ViewController.swift */; };
		2B558A6027EFA6710038DBDA /* Main.storyboard in Resources */ = {isa = PBXBuildFile; fileRef = 2B558A5E27EFA6710038DBDA /* Main.storyboard */; };
		2B558A6227EFA67A0038DBDA /* Assets.xcassets in Resources */ = {isa = PBXBuildFile; fileRef = 2B558A6127EFA67A0038DBDA /* Assets.xcassets */; };
		2B558A6527EFA67A0038DBDA /* LaunchScreen.storyboard in Resources */ = {isa = PBXBuildFile; fileRef = 2B558A6327EFA67A0038DBDA /* LaunchScreen.storyboard */; };
		2B7328D627F24C7E001E1141 /* searchCell.swift in Sources */ = {isa = PBXBuildFile; fileRef = 2B7328D527F24C7E001E1141 /* searchCell.swift */; };
		2B7328D927F3B9C9001E1141 /* FilterViewController.swift in Sources */ = {isa = PBXBuildFile; fileRef = 2B7328D827F3B9C9001E1141 /* FilterViewController.swift */; };
		2B7328DC27F507BB001E1141 /* colorCell.swift in Sources */ = {isa = PBXBuildFile; fileRef = 2B7328DB27F507BB001E1141 /* colorCell.swift */; };
		2B7328DF27F7B332001E1141 /* RangeSlider.swift in Sources */ = {isa = PBXBuildFile; fileRef = 2B7328DE27F7B332001E1141 /* RangeSlider.swift */; };
		2BB0C6E128022561008A8956 /* SegmentedRangeSlider.swift in Sources */ = {isa = PBXBuildFile; fileRef = 2BB0C6E028022561008A8956 /* SegmentedRangeSlider.swift */; };
/* End PBXBuildFile section */

/* Begin PBXFileReference section */
		2B558A5527EFA6710038DBDA /* GetOutfit.app */ = {isa = PBXFileReference; explicitFileType = wrapper.application; includeInIndex = 0; path = GetOutfit.app; sourceTree = BUILT_PRODUCTS_DIR; };
		2B558A5827EFA6710038DBDA /* AppDelegate.swift */ = {isa = PBXFileReference; lastKnownFileType = sourcecode.swift; path = AppDelegate.swift; sourceTree = "<group>"; };
		2B558A5A27EFA6710038DBDA /* SceneDelegate.swift */ = {isa = PBXFileReference; lastKnownFileType = sourcecode.swift; path = SceneDelegate.swift; sourceTree = "<group>"; };
		2B558A5C27EFA6710038DBDA /* ViewController.swift */ = {isa = PBXFileReference; lastKnownFileType = sourcecode.swift; path = ViewController.swift; sourceTree = "<group>"; };
		2B558A5F27EFA6710038DBDA /* Base */ = {isa = PBXFileReference; lastKnownFileType = file.storyboard; name = Base; path = Base.lproj/Main.storyboard; sourceTree = "<group>"; };
		2B558A6127EFA67A0038DBDA /* Assets.xcassets */ = {isa = PBXFileReference; lastKnownFileType = folder.assetcatalog; path = Assets.xcassets; sourceTree = "<group>"; };
		2B558A6427EFA67A0038DBDA /* Base */ = {isa = PBXFileReference; lastKnownFileType = file.storyboard; name = Base; path = Base.lproj/LaunchScreen.storyboard; sourceTree = "<group>"; };
		2B558A6627EFA67A0038DBDA /* Info.plist */ = {isa = PBXFileReference; lastKnownFileType = text.plist.xml; path = Info.plist; sourceTree = "<group>"; };
		2B7328D527F24C7E001E1141 /* searchCell.swift */ = {isa = PBXFileReference; lastKnownFileType = sourcecode.swift; path = searchCell.swift; sourceTree = "<group>"; };
		2B7328D827F3B9C9001E1141 /* FilterViewController.swift */ = {isa = PBXFileReference; lastKnownFileType = sourcecode.swift; path = FilterViewController.swift; sourceTree = "<group>"; };
		2B7328DB27F507BB001E1141 /* colorCell.swift */ = {isa = PBXFileReference; lastKnownFileType = sourcecode.swift; path = colorCell.swift; sourceTree = "<group>"; };
		2B7328DE27F7B332001E1141 /* RangeSlider.swift */ = {isa = PBXFileReference; lastKnownFileType = sourcecode.swift; path = RangeSlider.swift; sourceTree = "<group>"; };
		2BB0C6E028022561008A8956 /* SegmentedRangeSlider.swift */ = {isa = PBXFileReference; fileEncoding = 4; lastKnownFileType = sourcecode.swift; path = SegmentedRangeSlider.swift; sourceTree = "<group>"; };
/* End PBXFileReference section */

/* Begin PBXFrameworksBuildPhase section */
		2B558A5227EFA6710038DBDA /* Frameworks */ = {
			isa = PBXFrameworksBuildPhase;
			buildActionMask = 2147483647;
			files = (
			);
			runOnlyForDeploymentPostprocessing = 0;
		};
/* End PBXFrameworksBuildPhase section */

/* Begin PBXGroup section */
		2B558A4C27EFA6710038DBDA = {
			isa = PBXGroup;
			children = (
				2B558A5727EFA6710038DBDA /* GetOutfit */,
				2B558A5627EFA6710038DBDA /* Products */,
			);
			sourceTree = "<group>";
		};
		2B558A5627EFA6710038DBDA /* Products */ = {
			isa = PBXGroup;
			children = (
				2B558A5527EFA6710038DBDA /* GetOutfit.app */,
			);
			name = Products;
			sourceTree = "<group>";
		};
		2B558A5727EFA6710038DBDA /* GetOutfit */ = {
			isa = PBXGroup;
			children = (
				2B558A5827EFA6710038DBDA /* AppDelegate.swift */,
				2B558A5A27EFA6710038DBDA /* SceneDelegate.swift */,
				2B558A5C27EFA6710038DBDA /* ViewController.swift */,
				2B558A5E27EFA6710038DBDA /* Main.storyboard */,
				2B558A6127EFA67A0038DBDA /* Assets.xcassets */,
				2B558A6327EFA67A0038DBDA /* LaunchScreen.storyboard */,
				2B558A6627EFA67A0038DBDA /* Info.plist */,
				2B7328D527F24C7E001E1141 /* searchCell.swift */,
				2B7328D827F3B9C9001E1141 /* FilterViewController.swift */,
				2B7328DB27F507BB001E1141 /* colorCell.swift */,
				2B7328DE27F7B332001E1141 /* RangeSlider.swift */,
				2BB0C6E028022561008A8956 /* SegmentedRangeSlider.swift */,
			);
			path = GetOutfit;
			sourceTree = "<group>";
		};
/* End PBXGroup section */

/* Begin PBXNativeTarget section */
		2B558A5427EFA6710038DBDA /* GetOutfit */ = {
			isa = PBXNativeTarget;
			buildConfigurationList = 2B558A6927EFA67A0038DBDA /* Build configuration list for PBXNativeTarget "GetOutfit" */;
			buildPhases = (
				2B558A5127EFA6710038DBDA /* Sources */,
				2B558A5227EFA6710038DBDA /* Frameworks */,
				2B558A5327EFA6710038DBDA /* Resources */,
			);
			buildRules = (
			);
			dependencies = (
			);
			name = GetOutfit;
			productName = GetOutfit;
			productReference = 2B558A5527EFA6710038DBDA /* GetOutfit.app */;
			productType = "com.apple.product-type.application";
		};
/* End PBXNativeTarget section */

/* Begin PBXProject section */
		2B558A4D27EFA6710038DBDA /* Project object */ = {
			isa = PBXProject;
			attributes = {
				LastSwiftUpdateCheck = 1240;
				LastUpgradeCheck = 1240;
				TargetAttributes = {
					2B558A5427EFA6710038DBDA = {
						CreatedOnToolsVersion = 12.4;
					};
				};
			};
			buildConfigurationList = 2B558A5027EFA6710038DBDA /* Build configuration list for PBXProject "GetOutfit" */;
			compatibilityVersion = "Xcode 9.3";
			developmentRegion = en;
			hasScannedForEncodings = 0;
			knownRegions = (
				en,
				Base,
			);
			mainGroup = 2B558A4C27EFA6710038DBDA;
			productRefGroup = 2B558A5627EFA6710038DBDA /* Products */;
			projectDirPath = "";
			projectRoot = "";
			targets = (
				2B558A5427EFA6710038DBDA /* GetOutfit */,
			);
		};
/* End PBXProject section */

/* Begin PBXResourcesBuildPhase section */
		2B558A5327EFA6710038DBDA /* Resources */ = {
			isa = PBXResourcesBuildPhase;
			buildActionMask = 2147483647;
			files = (
				2B558A6527EFA67A0038DBDA /* LaunchScreen.storyboard in Resources */,
				2B558A6227EFA67A0038DBDA /* Assets.xcassets in Resources */,
				2B558A6027EFA6710038DBDA /* Main.storyboard in Resources */,
			);
			runOnlyForDeploymentPostprocessing = 0;
		};
/* End PBXResourcesBuildPhase section */

/* Begin PBXSourcesBuildPhase section */
		2B558A5127EFA6710038DBDA /* Sources */ = {
			isa = PBXSourcesBuildPhase;
			buildActionMask = 2147483647;
			files = (
				2B558A5D27EFA6710038DBDA /* ViewController.swift in Sources */,
				2BB0C6E128022561008A8956 /* SegmentedRangeSlider.swift in Sources */,
				2B7328D627F24C7E001E1141 /* searchCell.swift in Sources */,
				2B558A5927EFA6710038DBDA /* AppDelegate.swift in Sources */,
				2B558A5B27EFA6710038DBDA /* SceneDelegate.swift in Sources */,
				2B7328D927F3B9C9001E1141 /* FilterViewController.swift in Sources */,
				2B7328DF27F7B332001E1141 /* RangeSlider.swift in Sources */,
				2B7328DC27F507BB001E1141 /* colorCell.swift in Sources */,
			);
			runOnlyForDeploymentPostprocessing = 0;
		};
/* End PBXSourcesBuildPhase section */

/* Begin PBXVariantGroup section */
		2B558A5E27EFA6710038DBDA /* Main.storyboard */ = {
			isa = PBXVariantGroup;
			children = (
				2B558A5F27EFA6710038DBDA /* Base */,
			);
			name = Main.storyboard;
			sourceTree = "<group>";
		};
		2B558A6327EFA67A0038DBDA /* LaunchScreen.storyboard */ = {
			isa = PBXVariantGroup;
			children = (
				2B558A6427EFA67A0038DBDA /* Base */,
			);
			name = LaunchScreen.storyboard;
			sourceTree = "<group>";
		};
/* End PBXVariantGroup section */

/* Begin XCBuildConfiguration section */
		2B558A6727EFA67A0038DBDA /* Debug */ = {
			isa = XCBuildConfiguration;
			buildSettings = {
				ALWAYS_SEARCH_USER_PATHS = NO;
				CLANG_ANALYZER_NONNULL = YES;
				CLANG_ANALYZER_NUMBER_OBJECT_CONVERSION = YES_AGGRESSIVE;
				CLANG_CXX_LANGUAGE_STANDARD = "gnu++14";
				CLANG_CXX_LIBRARY = "libc++";
				CLANG_ENABLE_MODULES = YES;
				CLANG_ENABLE_OBJC_ARC = YES;
				CLANG_ENABLE_OBJC_WEAK = YES;
				CLANG_WARN_BLOCK_CAPTURE_AUTORELEASING = YES;
				CLANG_WARN_BOOL_CONVERSION = YES;
				CLANG_WARN_COMMA = YES;
				CLANG_WARN_CONSTANT_CONVERSION = YES;
				CLANG_WARN_DEPRECATED_OBJC_IMPLEMENTATIONS = YES;
				CLANG_WARN_DIRECT_OBJC_ISA_USAGE = YES_ERROR;
				CLANG_WARN_DOCUMENTATION_COMMENTS = YES;
				CLANG_WARN_EMPTY_BODY = YES;
				CLANG_WARN_ENUM_CONVERSION = YES;
				CLANG_WARN_INFINITE_RECURSION = YES;
				CLANG_WARN_INT_CONVERSION = YES;
				CLANG_WARN_NON_LITERAL_NULL_CONVERSION = YES;
				CLANG_WARN_OBJC_IMPLICIT_RETAIN_SELF = YES;
				CLANG_WARN_OBJC_LITERAL_CONVERSION = YES;
				CLANG_WARN_OBJC_ROOT_CLASS = YES_ERROR;
				CLANG_WARN_QUOTED_INCLUDE_IN_FRAMEWORK_HEADER = YES;
				CLANG_WARN_RANGE_LOOP_ANALYSIS = YES;
				CLANG_WARN_STRICT_PROTOTYPES = YES;
				CLANG_WARN_SUSPICIOUS_MOVE = YES;
				CLANG_WARN_UNGUARDED_AVAILABILITY = YES_AGGRESSIVE;
				CLANG_WARN_UNREACHABLE_CODE = YES;
				CLANG_WARN__DUPLICATE_METHOD_MATCH = YES;
				COPY_PHASE_STRIP = NO;
				DEBUG_INFORMATION_FORMAT = dwarf;
				ENABLE_STRICT_OBJC_MSGSEND = YES;
				ENABLE_TESTABILITY = YES;
				GCC_C_LANGUAGE_STANDARD = gnu11;
				GCC_DYNAMIC_NO_PIC = NO;
				GCC_NO_COMMON_BLOCKS = YES;
				GCC_OPTIMIZATION_LEVEL = 0;
				GCC_PREPROCESSOR_DEFINITIONS = (
					"DEBUG=1",
					"$(inherited)",
				);
				GCC_WARN_64_TO_32_BIT_CONVERSION = YES;
				GCC_WARN_ABOUT_RETURN_TYPE = YES_ERROR;
				GCC_WARN_UNDECLARED_SELECTOR = YES;
				GCC_WARN_UNINITIALIZED_AUTOS = YES_AGGRESSIVE;
				GCC_WARN_UNUSED_FUNCTION = YES;
				GCC_WARN_UNUSED_VARIABLE = YES;
				IPHONEOS_DEPLOYMENT_TARGET = 13.0;
				MTL_ENABLE_DEBUG_INFO = INCLUDE_SOURCE;
				MTL_FAST_MATH = YES;
				ONLY_ACTIVE_ARCH = YES;
				SDKROOT = iphoneos;
				SWIFT_ACTIVE_COMPILATION_CONDITIONS = DEBUG;
				SWIFT_OPTIMIZATION_LEVEL = "-Onone";
			};
			name = Debug;
		};
		2B558A6827EFA67A0038DBDA /* Release */ = {
			isa = XCBuildConfiguration;
			buildSettings = {
				ALWAYS_SEARCH_USER_PATHS = NO;
				CLANG_ANALYZER_NONNULL = YES;
				CLANG_ANALYZER_NUMBER_OBJECT_CONVERSION = YES_AGGRESSIVE;
				CLANG_CXX_LANGUAGE_STANDARD = "gnu++14";
				CLANG_CXX_LIBRARY = "libc++";
				CLANG_ENABLE_MODULES = YES;
				CLANG_ENABLE_OBJC_ARC = YES;
				CLANG_ENABLE_OBJC_WEAK = YES;
				CLANG_WARN_BLOCK_CAPTURE_AUTORELEASING = YES;
				CLANG_WARN_BOOL_CONVERSION = YES;
				CLANG_WARN_COMMA = YES;
				CLANG_WARN_CONSTANT_CONVERSION = YES;
				CLANG_WARN_DEPRECATED_OBJC_IMPLEMENTATIONS = YES;
				CLANG_WARN_DIRECT_OBJC_ISA_USAGE = YES_ERROR;
				CLANG_WARN_DOCUMENTATION_COMMENTS = YES;
				CLANG_WARN_EMPTY_BODY = YES;
				CLANG_WARN_ENUM_CONVERSION = YES;
				CLANG_WARN_INFINITE_RECURSION = YES;
				CLANG_WARN_INT_CONVERSION = YES;
				CLANG_WARN_NON_LITERAL_NULL_CONVERSION = YES;
				CLANG_WARN_OBJC_IMPLICIT_RETAIN_SELF = YES;
				CLANG_WARN_OBJC_LITERAL_CONVERSION = YES;
				CLANG_WARN_OBJC_ROOT_CLASS = YES_ERROR;
				CLANG_WARN_QUOTED_INCLUDE_IN_FRAMEWORK_HEADER = YES;
				CLANG_WARN_RANGE_LOOP_ANALYSIS = YES;
				CLANG_WARN_STRICT_PROTOTYPES = YES;
				CLANG_WARN_SUSPICIOUS_MOVE = YES;
				CLANG_WARN_UNGUARDED_AVAILABILITY = YES_AGGRESSIVE;
				CLANG_WARN_UNREACHABLE_CODE = YES;
				CLANG_WARN__DUPLICATE_METHOD_MATCH = YES;
				COPY_PHASE_STRIP = NO;
				DEBUG_INFORMATION_FORMAT = "dwarf-with-dsym";
				ENABLE_NS_ASSERTIONS = NO;
				ENABLE_STRICT_OBJC_MSGSEND = YES;
				GCC_C_LANGUAGE_STANDARD = gnu11;
				GCC_NO_COMMON_BLOCKS = YES;
				GCC_WARN_64_TO_32_BIT_CONVERSION = YES;
				GCC_WARN_ABOUT_RETURN_TYPE = YES_ERROR;
				GCC_WARN_UNDECLARED_SELECTOR = YES;
				GCC_WARN_UNINITIALIZED_AUTOS = YES_AGGRESSIVE;
				GCC_WARN_UNUSED_FUNCTION = YES;
				GCC_WARN_UNUSED_VARIABLE = YES;
				IPHONEOS_DEPLOYMENT_TARGET = 13.0;
				MTL_ENABLE_DEBUG_INFO = NO;
				MTL_FAST_MATH = YES;
				SDKROOT = iphoneos;
				SWIFT_COMPILATION_MODE = wholemodule;
				SWIFT_OPTIMIZATION_LEVEL = "-O";
				VALIDATE_PRODUCT = YES;
			};
			name = Release;
		};
		2B558A6A27EFA67A0038DBDA /* Debug */ = {
			isa = XCBuildConfiguration;
			buildSettings = {
				ASSETCATALOG_COMPILER_APPICON_NAME = AppIcon;
				ASSETCATALOG_COMPILER_GLOBAL_ACCENT_COLOR_NAME = AccentColor;
				CODE_SIGN_STYLE = Automatic;
				DEVELOPMENT_TEAM = BK45F2432S;
				INFOPLIST_FILE = GetOutfit/Info.plist;
				LD_RUNPATH_SEARCH_PATHS = (
					"$(inherited)",
					"@executable_path/Frameworks",
				);
				PRODUCT_BUNDLE_IDENTIFIER = outfit.GetOutfit;
				PRODUCT_NAME = "$(TARGET_NAME)";
				SWIFT_VERSION = 5.0;
				TARGETED_DEVICE_FAMILY = "1,2";
			};
			name = Debug;
		};
		2B558A6B27EFA67A0038DBDA /* Release */ = {
			isa = XCBuildConfiguration;
			buildSettings = {
				ASSETCATALOG_COMPILER_APPICON_NAME = AppIcon;
				ASSETCATALOG_COMPILER_GLOBAL_ACCENT_COLOR_NAME = AccentColor;
				CODE_SIGN_STYLE = Automatic;
				DEVELOPMENT_TEAM = BK45F2432S;
				INFOPLIST_FILE = GetOutfit/Info.plist;
				LD_RUNPATH_SEARCH_PATHS = (
					"$(inherited)",
					"@executable_path/Frameworks",
				);
				PRODUCT_BUNDLE_IDENTIFIER = outfit.GetOutfit;
				PRODUCT_NAME = "$(TARGET_NAME)";
				SWIFT_VERSION = 5.0;
				TARGETED_DEVICE_FAMILY = "1,2";
			};
			name = Release;
		};
/* End XCBuildConfiguration section */

/* Begin XCConfigurationList section */
		2B558A5027EFA6710038DBDA /* Build configuration list for PBXProject "GetOutfit" */ = {
			isa = XCConfigurationList;
			buildConfigurations = (
				2B558A6727EFA67A0038DBDA /* Debug */,
				2B558A6827EFA67A0038DBDA /* Release */,
			);
			defaultConfigurationIsVisible = 0;
			defaultConfigurationName = Release;
		};
		2B558A6927EFA67A0038DBDA /* Build configuration list for PBXNativeTarget "GetOutfit" */ = {
			isa = XCConfigurationList;
			buildConfigurations = (
				2B558A6A27EFA67A0038DBDA /* Debug */,
				2B558A6B27EFA67A0038DBDA /* Release */,
			);
			defaultConfigurationIsVisible = 0;
			defaultConfigurationName = Release;
		};
/* End XCConfigurationList section */
	};
	rootObject = 2B558A4D27EFA6710038DBDA /* Project object */;
}
